
Microsoft Visual Studio Solution File, Format Version 12.00
# Visual Studio 2012
Project("{FAE04EC0-301F-11D3-BF4B-00C04F79EFBC}") = "CorsoXamarinModulo3", "CorsoXamarinModulo3.csproj", "{90A499BC-9EFF-49D2-83A1-6E00FCFA45B0}"
EndProject
Project("{FAE04EC0-301F-11D3-BF4B-00C04F79EFBC}") = "CorsoXamarinModulo3.iOS", "iOS\CorsoXamarinModulo3.iOS.csproj", "{38F430AC-07CD-4264-9EBF-1D1716FED2EF}"
EndProject
Project("{FAE04EC0-301F-11D3-BF4B-00C04F79EFBC}") = "CorsoXamarinModulo.Droid", "Droid\CorsoXamarinModulo.Droid.csproj", "{8E6D9F10-C86A-48BC-9160-AF7640F02236}"
EndProject
Project("{FAE04EC0-301F-11D3-BF4B-00C04F79EFBC}") = "CorsoXamarinModulo.UITests", "UITests\CorsoXamarinModulo.UITests.csproj", "{E11A8351-F471-47F1-AC83-97F327766312}"
EndProject
Global
	GlobalSection(SolutionConfigurationPlatforms) = preSolution
		Debug|Any CPU = Debug|Any CPU
		Release|Any CPU = Release|Any CPU
		Debug|iPhoneSimulator = Debug|iPhoneSimulator
		Release|iPhone = Release|iPhone
		Release|iPhoneSimulator = Release|iPhoneSimulator
		Debug|iPhone = Debug|iPhone
	EndGlobalSection
	GlobalSection(ProjectConfigurationPlatforms) = postSolution
		{38F430AC-07CD-4264-9EBF-1D1716FED2EF}.Debug|Any CPU.ActiveCfg = Debug|iPhoneSimulator
		{38F430AC-07CD-4264-9EBF-1D1716FED2EF}.Debug|Any CPU.Build.0 = Debug|iPhoneSimulator
		{38F430AC-07CD-4264-9EBF-1D1716FED2EF}.Debug|iPhone.ActiveCfg = Debug|iPhone
		{38F430AC-07CD-4264-9EBF-1D1716FED2EF}.Debug|iPhone.Build.0 = Debug|iPhone
		{38F430AC-07CD-4264-9EBF-1D1716FED2EF}.Debug|iPhoneSimulator.ActiveCfg = Debug|iPhoneSimulator
		{38F430AC-07CD-4264-9EBF-1D1716FED2EF}.Debug|iPhoneSimulator.Build.0 = Debug|iPhoneSimulator
		{38F430AC-07CD-4264-9EBF-1D1716FED2EF}.Release|Any CPU.ActiveCfg = Release|iPhone
		{38F430AC-07CD-4264-9EBF-1D1716FED2EF}.Release|Any CPU.Build.0 = Release|iPhone
		{38F430AC-07CD-4264-9EBF-1D1716FED2EF}.Release|iPhone.ActiveCfg = Release|iPhone
		{38F430AC-07CD-4264-9EBF-1D1716FED2EF}.Release|iPhone.Build.0 = Release|iPhone
		{38F430AC-07CD-4264-9EBF-1D1716FED2EF}.Release|iPhoneSimulator.ActiveCfg = Release|iPhoneSimulator
		{38F430AC-07CD-4264-9EBF-1D1716FED2EF}.Release|iPhoneSimulator.Build.0 = Release|iPhoneSimulator
		{8E6D9F10-C86A-48BC-9160-AF7640F02236}.Debug|Any CPU.ActiveCfg = Debug|Any CPU
		{8E6D9F10-C86A-48BC-9160-AF7640F02236}.Debug|Any CPU.Build.0 = Debug|Any CPU
		{8E6D9F10-C86A-48BC-9160-AF7640F02236}.Debug|iPhone.ActiveCfg = Debug|Any CPU
		{8E6D9F10-C86A-48BC-9160-AF7640F02236}.Debug|iPhone.Build.0 = Debug|Any CPU
		{8E6D9F10-C86A-48BC-9160-AF7640F02236}.Debug|iPhoneSimulator.ActiveCfg = Debug|Any CPU
		{8E6D9F10-C86A-48BC-9160-AF7640F02236}.Debug|iPhoneSimulator.Build.0 = Debug|Any CPU
		{8E6D9F10-C86A-48BC-9160-AF7640F02236}.Release|Any CPU.ActiveCfg = Release|Any CPU
		{8E6D9F10-C86A-48BC-9160-AF7640F02236}.Release|Any CPU.Build.0 = Release|Any CPU
		{8E6D9F10-C86A-48BC-9160-AF7640F02236}.Release|iPhone.ActiveCfg = Release|Any CPU
		{8E6D9F10-C86A-48BC-9160-AF7640F02236}.Release|iPhone.Build.0 = Release|Any CPU
		{8E6D9F10-C86A-48BC-9160-AF7640F02236}.Release|iPhoneSimulator.ActiveCfg = Release|Any CPU
		{8E6D9F10-C86A-48BC-9160-AF7640F02236}.Release|iPhoneSimulator.Build.0 = Release|Any CPU
		{90A499BC-9EFF-49D2-83A1-6E00FCFA45B0}.Debug|Any CPU.ActiveCfg = Debug|Any CPU
		{90A499BC-9EFF-49D2-83A1-6E00FCFA45B0}.Debug|Any CPU.Build.0 = Debug|Any CPU
		{90A499BC-9EFF-49D2-83A1-6E00FCFA45B0}.Debug|iPhone.ActiveCfg = Debug|Any CPU
		{90A499BC-9EFF-49D2-83A1-6E00FCFA45B0}.Debug|iPhone.Build.0 = Debug|Any CPU
		{90A499BC-9EFF-49D2-83A1-6E00FCFA45B0}.Debug|iPhoneSimulator.ActiveCfg = Debug|Any CPU
		{90A499BC-9EFF-49D2-83A1-6E00FCFA45B0}.Debug|iPhoneSimulator.Build.0 = Debug|Any CPU
		{90A499BC-9EFF-49D2-83A1-6E00FCFA45B0}.Release|Any CPU.ActiveCfg = Release|Any CPU
		{90A499BC-9EFF-49D2-83A1-6E00FCFA45B0}.Release|Any CPU.Build.0 = Release|Any CPU
		{90A499BC-9EFF-49D2-83A1-6E00FCFA45B0}.Release|iPhone.ActiveCfg = Release|Any CPU
		{90A499BC-9EFF-49D2-83A1-6E00FCFA45B0}.Release|iPhone.Build.0 = Release|Any CPU
		{90A499BC-9EFF-49D2-83A1-6E00FCFA45B0}.Release|iPhoneSimulator.ActiveCfg = Release|Any CPU
		{90A499BC-9EFF-49D2-83A1-6E00FCFA45B0}.Release|iPhoneSimulator.Build.0 = Release|Any CPU
		{E11A8351-F471-47F1-AC83-97F327766312}.Debug|Any CPU.ActiveCfg = Debug|Any CPU
		{E11A8351-F471-47F1-AC83-97F327766312}.Debug|Any CPU.Build.0 = Debug|Any CPU
		{E11A8351-F471-47F1-AC83-97F327766312}.Debug|iPhone.ActiveCfg = Debug|Any CPU
		{E11A8351-F471-47F1-AC83-97F327766312}.Debug|iPhone.Build.0 = Debug|Any CPU
		{E11A8351-F471-47F1-AC83-97F327766312}.Debug|iPhoneSimulator.ActiveCfg = Debug|Any CPU
		{E11A8351-F471-47F1-AC83-97F327766312}.Debug|iPhoneSimulator.Build.0 = Debug|Any CPU
		{E11A8351-F471-47F1-AC83-97F327766312}.Release|Any CPU.ActiveCfg = Release|Any CPU
		{E11A8351-F471-47F1-AC83-97F327766312}.Release|Any CPU.Build.0 = Release|Any CPU
		{E11A8351-F471-47F1-AC83-97F327766312}.Release|iPhone.ActiveCfg = Release|Any CPU
		{E11A8351-F471-47F1-AC83-97F327766312}.Release|iPhone.Build.0 = Release|Any CPU
		{E11A8351-F471-47F1-AC83-97F327766312}.Release|iPhoneSimulator.ActiveCfg = Release|Any CPU
		{E11A8351-F471-47F1-AC83-97F327766312}.Release|iPhoneSimulator.Build.0 = Release|Any CPU
	EndGlobalSection
EndGlobal
